
Microsoft Visual Studio Solution File, Format Version 12.00
# Visual Studio Version 17
VisualStudioVersion = 17.2.32630.192
MinimumVisualStudioVersion = 10.0.40219.1
Project("{FAE04EC0-301F-11D3-BF4B-00C04F79EFBC}") = "VIN_LIB", "VIN_LIB\VIN_LIB.csproj", "{390D6D7B-5FF8-4A06-A257-9495091DA850}"
EndProject
Project("{FAE04EC0-301F-11D3-BF4B-00C04F79EFBC}") = "UnitTestProject1", "UnitTestProject1\UnitTestProject1.csproj", "{CD23D265-AB87-4642-9A11-40540C732E80}"
EndProject
Global
	GlobalSection(SolutionConfigurationPlatforms) = preSolution
		Debug|Any CPU = Debug|Any CPU
		Release|Any CPU = Release|Any CPU
	EndGlobalSection
	GlobalSection(ProjectConfigurationPlatforms) = postSolution
		{390D6D7B-5FF8-4A06-A257-9495091DA850}.Debug|Any CPU.ActiveCfg = Debug|Any CPU
		{390D6D7B-5FF8-4A06-A257-9495091DA850}.Debug|Any CPU.Build.0 = Debug|Any CPU
		{390D6D7B-5FF8-4A06-A257-9495091DA850}.Release|Any CPU.ActiveCfg = Release|Any CPU
		{390D6D7B-5FF8-4A06-A257-9495091DA850}.Release|Any CPU.Build.0 = Release|Any CPU
		{CD23D265-AB87-4642-9A11-40540C732E80}.Debug|Any CPU.ActiveCfg = Debug|Any CPU
		{CD23D265-AB87-4642-9A11-40540C732E80}.Debug|Any CPU.Build.0 = Debug|Any CPU
		{CD23D265-AB87-4642-9A11-40540C732E80}.Release|Any CPU.ActiveCfg = Release|Any CPU
		{CD23D265-AB87-4642-9A11-40540C732E80}.Release|Any CPU.Build.0 = Release|Any CPU
	EndGlobalSection
	GlobalSection(SolutionProperties) = preSolution
		HideSolutionNode = FALSE
	EndGlobalSection
	GlobalSection(ExtensibilityGlobals) = postSolution
		SolutionGuid = {B1E89EA7-0B56-4EF3-B57B-63D154A4CC80}
	EndGlobalSection
EndGlobal
